
Microsoft Visual Studio Solution File, Format Version 12.00
# Visual Studio 15
VisualStudioVersion = 15.0.28307.329
MinimumVisualStudioVersion = 10.0.40219.1
Project("{FAE04EC0-301F-11D3-BF4B-00C04F79EFBC}") = "Animation", "Animation\Animation.csproj", "{D4D2DDA5-5023-4FC2-99A7-B48C0729DCE7}"
EndProject
Global
	GlobalSection(SolutionConfigurationPlatforms) = preSolution
		Debug|Any CPU = Debug|Any CPU
		Release|Any CPU = Release|Any CPU
	EndGlobalSection
	GlobalSection(ProjectConfigurationPlatforms) = postSolution
		{D4D2DDA5-5023-4FC2-99A7-B48C0729DCE7}.Debug|Any CPU.ActiveCfg = Debug|Any CPU
		{D4D2DDA5-5023-4FC2-99A7-B48C0729DCE7}.Debug|Any CPU.Build.0 = Debug|Any CPU
		{D4D2DDA5-5023-4FC2-99A7-B48C0729DCE7}.Release|Any CPU.ActiveCfg = Release|Any CPU
		{D4D2DDA5-5023-4FC2-99A7-B48C0729DCE7}.Release|Any CPU.Build.0 = Release|Any CPU
	EndGlobalSection
	GlobalSection(SolutionProperties) = preSolution
		HideSolutionNode = FALSE
	EndGlobalSection
	GlobalSection(ExtensibilityGlobals) = postSolution
		SolutionGuid = {39ACB91E-D83E-4386-8D65-DCFB0C5E0DB8}
	EndGlobalSection
EndGlobal
